
Microsoft Visual Studio Solution File, Format Version 12.00
# Visual Studio Version 18
VisualStudioVersion = 18.1.11312.151 d18.0
MinimumVisualStudioVersion = 10.0.40219.1
Project("{FAE04EC0-301F-11D3-BF4B-00C04F79EFBC}") = "DeviceConnector", "DeviceConnector.csproj", "{B09FE4D3-71AE-72EB-4609-0FB2D34CEDBB}"
EndProject
Global
	GlobalSection(SolutionConfigurationPlatforms) = preSolution
		Debug|Any CPU = Debug|Any CPU
		Release|Any CPU = Release|Any CPU
	EndGlobalSection
	GlobalSection(ProjectConfigurationPlatforms) = postSolution
		{B09FE4D3-71AE-72EB-4609-0FB2D34CEDBB}.Debug|Any CPU.ActiveCfg = Debug|Any CPU
		{B09FE4D3-71AE-72EB-4609-0FB2D34CEDBB}.Debug|Any CPU.Build.0 = Debug|Any CPU
		{B09FE4D3-71AE-72EB-4609-0FB2D34CEDBB}.Release|Any CPU.ActiveCfg = Release|Any CPU
		{B09FE4D3-71AE-72EB-4609-0FB2D34CEDBB}.Release|Any CPU.Build.0 = Release|Any CPU
	EndGlobalSection
	GlobalSection(SolutionProperties) = preSolution
		HideSolutionNode = FALSE
	EndGlobalSection
	GlobalSection(ExtensibilityGlobals) = postSolution
		SolutionGuid = {E4B02C26-6CEF-4F51-BCAE-67E0A999DAC5}
	EndGlobalSection
EndGlobal
